
Microsoft Visual Studio Solution File, Format Version 12.00
# Visual Studio 2013
VisualStudioVersion = 12.0.40629.0
MinimumVisualStudioVersion = 10.0.40219.1
Project("{2150E333-8FDC-42A3-9474-1A3956D46DE8}") = ".nuget", ".nuget", "{A429A624-C198-4CE4-87D2-1EECFE3ED2B8}"
	ProjectSection(SolutionItems) = preProject
		.nuget\NuGet.Config = .nuget\NuGet.Config
		.nuget\NuGet.exe = .nuget\NuGet.exe
		.nuget\NuGet.targets = .nuget\NuGet.targets
	EndProjectSection
EndProject
Project("{FAE04EC0-301F-11D3-BF4B-00C04F79EFBC}") = "ComputingServices.App", "ComputingServices.App\ComputingServices.App.csproj", "{D2DEEFB1-3212-4E37-9EA5-29CA5E5C0789}"
EndProject
Project("{FAE04EC0-301F-11D3-BF4B-00C04F79EFBC}") = "ComputingServices.Core", "ComputingServices.Core\ComputingServices.Core.csproj", "{1301F55E-3D42-4285-9DF1-96D4FD9EA320}"
EndProject
Project("{FAE04EC0-301F-11D3-BF4B-00C04F79EFBC}") = "ComputingServices.UnitTest", "ComputingServices.UnitTest\ComputingServices.UnitTest.csproj", "{0CC6CFF6-99FC-4EE0-80F6-08C6817AB585}"
EndProject
Global
	GlobalSection(SubversionScc) = preSolution
		Svn-Managed = True
		Manager = AnkhSVN - Subversion Support for Visual Studio
	EndGlobalSection
	GlobalSection(SolutionConfigurationPlatforms) = preSolution
		Debug|Any CPU = Debug|Any CPU
		Release|Any CPU = Release|Any CPU
	EndGlobalSection
	GlobalSection(ProjectConfigurationPlatforms) = postSolution
		{D2DEEFB1-3212-4E37-9EA5-29CA5E5C0789}.Debug|Any CPU.ActiveCfg = Debug|Any CPU
		{D2DEEFB1-3212-4E37-9EA5-29CA5E5C0789}.Debug|Any CPU.Build.0 = Debug|Any CPU
		{D2DEEFB1-3212-4E37-9EA5-29CA5E5C0789}.Release|Any CPU.ActiveCfg = Release|Any CPU
		{D2DEEFB1-3212-4E37-9EA5-29CA5E5C0789}.Release|Any CPU.Build.0 = Release|Any CPU
		{1301F55E-3D42-4285-9DF1-96D4FD9EA320}.Debug|Any CPU.ActiveCfg = Debug|Any CPU
		{1301F55E-3D42-4285-9DF1-96D4FD9EA320}.Debug|Any CPU.Build.0 = Debug|Any CPU
		{1301F55E-3D42-4285-9DF1-96D4FD9EA320}.Release|Any CPU.ActiveCfg = Release|Any CPU
		{1301F55E-3D42-4285-9DF1-96D4FD9EA320}.Release|Any CPU.Build.0 = Release|Any CPU
		{0CC6CFF6-99FC-4EE0-80F6-08C6817AB585}.Debug|Any CPU.ActiveCfg = Debug|Any CPU
		{0CC6CFF6-99FC-4EE0-80F6-08C6817AB585}.Debug|Any CPU.Build.0 = Debug|Any CPU
		{0CC6CFF6-99FC-4EE0-80F6-08C6817AB585}.Release|Any CPU.ActiveCfg = Release|Any CPU
		{0CC6CFF6-99FC-4EE0-80F6-08C6817AB585}.Release|Any CPU.Build.0 = Release|Any CPU
	EndGlobalSection
	GlobalSection(SolutionProperties) = preSolution
		HideSolutionNode = FALSE
	EndGlobalSection
EndGlobal
